<?xml version="1.0" encoding="utf-8"?>
<Project ToolsVersion="4.0" xmlns="http://schemas.microsoft.com/developer/msbuild/2003">
  <ItemGroup>
    <ApplicationDefinition Include="App.xaml" />
  </ItemGroup>
  <ItemGroup>
    <Page Include="MainPage.xaml" />
  </ItemGroup>
  <ItemGroup>
    <Midl Include="App.idl" />
    <Midl Include="MainPage.idl" />
  </ItemGroup>
  <ItemGroup>
    <ClCompile Include="pch.cpp" />
    <ClCompile Include="App.cpp" />
    <ClCompile Include="MainPage.cpp" />
    <ClCompile Include="$(GeneratedFilesDir)module.g.cpp" />
    <ClCompile Include="Person.cpp">
      <Filter>Objects\Person</Filter>
    </ClCompile>
    <ClCompile Include="FamilyMember.cpp">
      <Filter>Objects\FamilyMember</Filter>
    </ClCompile>
    <ClCompile Include="Relationship.cpp">
      <Filter>Objects\Relationships</Filter>
    </ClCompile>
  </ItemGroup>
  <ItemGroup>
    <ClInclude Include="pch.h" />
    <ClInclude Include="Person.h">
      <Filter>Objects\Person</Filter>
    </ClInclude>
    <ClInclude Include="Name.h">
      <Filter>Objects\Secondary</Filter>
    </ClInclude>
    <ClInclude Include="genderTypes.h">
      <Filter>Objects\Secondary</Filter>
    </ClInclude>
    <ClInclude Include="FamilyMember.h">
      <Filter>Objects\FamilyMember</Filter>
    </ClInclude>
    <ClInclude Include="Relationship.h">
      <Filter>Objects\Relationships</Filter>
    </ClInclude>
    <ClInclude Include="KnownRelationship.h">
      <Filter>Objects\Secondary</Filter>
    </ClInclude>
  </ItemGroup>
  <ItemGroup>
    <Image Include="Assets\Wide310x150Logo.scale-200.png">
      <Filter>Assets</Filter>
    </Image>
    <Image Include="Assets\StoreLogo.png">
      <Filter>Assets</Filter>
    </Image>
    <Image Include="Assets\Square150x150Logo.scale-200.png">
      <Filter>Assets</Filter>
    </Image>
    <Image Include="Assets\Square44x44Logo.targetsize-24_altform-unplated.png">
      <Filter>Assets</Filter>
    </Image>
    <Image Include="Assets\Square44x44Logo.scale-200.png">
      <Filter>Assets</Filter>
    </Image>
    <Image Include="Assets\SplashScreen.scale-200.png">
      <Filter>Assets</Filter>
    </Image>
    <Image Include="Assets\LockScreenLogo.scale-200.png">
      <Filter>Assets</Filter>
    </Image>
  </ItemGroup>
  <ItemGroup>
    <AppxManifest Include="Package.appxmanifest" />
  </ItemGroup>
  <ItemGroup>
    <Filter Include="Assets">
      <UniqueIdentifier>{e48dc53e-40b1-40cb-970a-f89935452892}</UniqueIdentifier>
    </Filter>
    <Filter Include="Objects">
      <UniqueIdentifier>{791e1423-6d12-480a-8817-0e6da87a5342}</UniqueIdentifier>
    </Filter>
    <Filter Include="Objects\Person">
      <UniqueIdentifier>{91b7f6aa-61a8-4cb4-800a-abab970bd9c0}</UniqueIdentifier>
    </Filter>
    <Filter Include="Objects\Secondary">
      <UniqueIdentifier>{3057ab43-ab71-492a-bdd4-2fbcc1d2a9ae}</UniqueIdentifier>
    </Filter>
    <Filter Include="Objects\FamilyMember">
      <UniqueIdentifier>{e0e5d856-65eb-4d3c-9063-5c4d119b62ce}</UniqueIdentifier>
    </Filter>
    <Filter Include="Objects\Relationships">
      <UniqueIdentifier>{0ed5dd67-f3a6-496e-b86a-9acd7eb16ca6}</UniqueIdentifier>
    </Filter>
  </ItemGroup>
  <ItemGroup>
    <None Include="PropertySheet.props" />
    <None Include="packages.config" />
  </ItemGroup>
  <ItemGroup>
    <Text Include="readme.txt" />
  </ItemGroup>
</Project>